
Microsoft Visual Studio Solution File, Format Version 12.00
# Visual Studio Version 17
VisualStudioVersion = 17.5.002.0
MinimumVisualStudioVersion = 10.0.40219.1
Project("{9A19103F-16F7-4668-BE54-9A1E7A4F7556}") = "driver", "driver\driver.csproj", "{0EDD1361-FF50-4B0F-9CC6-EC76E29FE8D4}"
EndProject
Project("{9A19103F-16F7-4668-BE54-9A1E7A4F7556}") = "src", "src\src.csproj", "{939D253C-EDC0-49B0-80C3-90EA657D2C30}"
EndProject
Project("{9A19103F-16F7-4668-BE54-9A1E7A4F7556}") = "test", "test\test.csproj", "{DA654D4A-3598-4056-A746-F38BCFCD7BCE}"
EndProject
Project("{9A19103F-16F7-4668-BE54-9A1E7A4F7556}") = "gamelib", "snakeladder\gamelib\gamelib.csproj", "{F26CD692-FB2C-46F3-A93F-C82300DE70ED}"
EndProject
Project("{9A19103F-16F7-4668-BE54-9A1E7A4F7556}") = "gameDriver", "snakeladder\gameDriver\gameDriver.csproj", "{4ADA3847-BDAA-4C5A-BA26-A2F9FB45CAE3}"
EndProject
Project("{2150E333-8FDC-42A3-9474-1A3956D46DE8}") = "RateLimitter", "RateLimitter", "{F748D0FE-155A-4FAA-A965-51BAA21E2300}"
EndProject
Project("{9A19103F-16F7-4668-BE54-9A1E7A4F7556}") = "RateLimitterLib", "RateLimitterLib\RateLimitterLib.csproj", "{FCD8BFB4-9C82-4C86-B8F4-E1649356A8EF}"
EndProject
Project("{9A19103F-16F7-4668-BE54-9A1E7A4F7556}") = "RateLimiterDriver", "RateLimiterDriver\RateLimiterDriver.csproj", "{0A9F1424-9EC8-4E0E-8C1E-E182F6B08F39}"
EndProject
Project("{FAE04EC0-301F-11D3-BF4B-00C04F79EFBC}") = "DataLayer", "DataLayer\DataLayer.csproj", "{341EB9DC-A1F7-4F22-9B21-6238D154CE18}"
EndProject
Project("{2150E333-8FDC-42A3-9474-1A3956D46DE8}") = "Games", "Games", "{C76BB330-0211-4F1E-A7D6-F7A6BECC78CB}"
EndProject
Global
	GlobalSection(SolutionConfigurationPlatforms) = preSolution
		Debug|Any CPU = Debug|Any CPU
		Release|Any CPU = Release|Any CPU
	EndGlobalSection
	GlobalSection(ProjectConfigurationPlatforms) = postSolution
		{0EDD1361-FF50-4B0F-9CC6-EC76E29FE8D4}.Debug|Any CPU.ActiveCfg = Debug|Any CPU
		{0EDD1361-FF50-4B0F-9CC6-EC76E29FE8D4}.Debug|Any CPU.Build.0 = Debug|Any CPU
		{0EDD1361-FF50-4B0F-9CC6-EC76E29FE8D4}.Release|Any CPU.ActiveCfg = Release|Any CPU
		{0EDD1361-FF50-4B0F-9CC6-EC76E29FE8D4}.Release|Any CPU.Build.0 = Release|Any CPU
		{939D253C-EDC0-49B0-80C3-90EA657D2C30}.Debug|Any CPU.ActiveCfg = Debug|Any CPU
		{939D253C-EDC0-49B0-80C3-90EA657D2C30}.Debug|Any CPU.Build.0 = Debug|Any CPU
		{939D253C-EDC0-49B0-80C3-90EA657D2C30}.Release|Any CPU.ActiveCfg = Release|Any CPU
		{939D253C-EDC0-49B0-80C3-90EA657D2C30}.Release|Any CPU.Build.0 = Release|Any CPU
		{DA654D4A-3598-4056-A746-F38BCFCD7BCE}.Debug|Any CPU.ActiveCfg = Debug|Any CPU
		{DA654D4A-3598-4056-A746-F38BCFCD7BCE}.Debug|Any CPU.Build.0 = Debug|Any CPU
		{DA654D4A-3598-4056-A746-F38BCFCD7BCE}.Release|Any CPU.ActiveCfg = Release|Any CPU
		{DA654D4A-3598-4056-A746-F38BCFCD7BCE}.Release|Any CPU.Build.0 = Release|Any CPU
		{F26CD692-FB2C-46F3-A93F-C82300DE70ED}.Debug|Any CPU.ActiveCfg = Debug|Any CPU
		{F26CD692-FB2C-46F3-A93F-C82300DE70ED}.Debug|Any CPU.Build.0 = Debug|Any CPU
		{F26CD692-FB2C-46F3-A93F-C82300DE70ED}.Release|Any CPU.ActiveCfg = Release|Any CPU
		{F26CD692-FB2C-46F3-A93F-C82300DE70ED}.Release|Any CPU.Build.0 = Release|Any CPU
		{4ADA3847-BDAA-4C5A-BA26-A2F9FB45CAE3}.Debug|Any CPU.ActiveCfg = Debug|Any CPU
		{4ADA3847-BDAA-4C5A-BA26-A2F9FB45CAE3}.Debug|Any CPU.Build.0 = Debug|Any CPU
		{4ADA3847-BDAA-4C5A-BA26-A2F9FB45CAE3}.Release|Any CPU.ActiveCfg = Release|Any CPU
		{4ADA3847-BDAA-4C5A-BA26-A2F9FB45CAE3}.Release|Any CPU.Build.0 = Release|Any CPU
		{FCD8BFB4-9C82-4C86-B8F4-E1649356A8EF}.Debug|Any CPU.ActiveCfg = Debug|Any CPU
		{FCD8BFB4-9C82-4C86-B8F4-E1649356A8EF}.Debug|Any CPU.Build.0 = Debug|Any CPU
		{FCD8BFB4-9C82-4C86-B8F4-E1649356A8EF}.Release|Any CPU.ActiveCfg = Release|Any CPU
		{FCD8BFB4-9C82-4C86-B8F4-E1649356A8EF}.Release|Any CPU.Build.0 = Release|Any CPU
		{0A9F1424-9EC8-4E0E-8C1E-E182F6B08F39}.Debug|Any CPU.ActiveCfg = Debug|Any CPU
		{0A9F1424-9EC8-4E0E-8C1E-E182F6B08F39}.Debug|Any CPU.Build.0 = Debug|Any CPU
		{0A9F1424-9EC8-4E0E-8C1E-E182F6B08F39}.Release|Any CPU.ActiveCfg = Release|Any CPU
		{0A9F1424-9EC8-4E0E-8C1E-E182F6B08F39}.Release|Any CPU.Build.0 = Release|Any CPU
		{341EB9DC-A1F7-4F22-9B21-6238D154CE18}.Debug|Any CPU.ActiveCfg = Debug|Any CPU
		{341EB9DC-A1F7-4F22-9B21-6238D154CE18}.Debug|Any CPU.Build.0 = Debug|Any CPU
		{341EB9DC-A1F7-4F22-9B21-6238D154CE18}.Release|Any CPU.ActiveCfg = Release|Any CPU
		{341EB9DC-A1F7-4F22-9B21-6238D154CE18}.Release|Any CPU.Build.0 = Release|Any CPU
	EndGlobalSection
	GlobalSection(SolutionProperties) = preSolution
		HideSolutionNode = FALSE
	EndGlobalSection
	GlobalSection(NestedProjects) = preSolution
		{F26CD692-FB2C-46F3-A93F-C82300DE70ED} = {C76BB330-0211-4F1E-A7D6-F7A6BECC78CB}
		{4ADA3847-BDAA-4C5A-BA26-A2F9FB45CAE3} = {C76BB330-0211-4F1E-A7D6-F7A6BECC78CB}
		{FCD8BFB4-9C82-4C86-B8F4-E1649356A8EF} = {F748D0FE-155A-4FAA-A965-51BAA21E2300}
		{0A9F1424-9EC8-4E0E-8C1E-E182F6B08F39} = {F748D0FE-155A-4FAA-A965-51BAA21E2300}
		{341EB9DC-A1F7-4F22-9B21-6238D154CE18} = {F748D0FE-155A-4FAA-A965-51BAA21E2300}
	EndGlobalSection
	GlobalSection(ExtensibilityGlobals) = postSolution
		SolutionGuid = {C87BA6A0-772D-44AF-8E39-03F1B83FC1B4}
	EndGlobalSection
EndGlobal
